// !$*UTF8*$!
{
	archiveVersion = 1;
	classes = {
	};
	objectVersion = 77;
	objects = {

/* Begin PBXBuildFile section */
		E0E749E92F5B8FFC003C4510 /* GRDB in Frameworks */ = {isa = PBXBuildFile; productRef = E0E749E82F5B8FFC003C4510 /* GRDB */; };
/* End PBXBuildFile section */

/* Begin PBXContainerItemProxy section */
		E064AF7E2F5B578900EFC619 /* PBXContainerItemProxy */ = {
			isa = PBXContainerItemProxy;
			containerPortal = E064AF662F5B578800EFC619 /* Project object */;
			proxyType = 1;
			remoteGlobalIDString = E064AF6D2F5B578800EFC619;
			remoteInfo = QuranReader;
		};
		E064AF882F5B578900EFC619 /* PBXContainerItemProxy */ = {
			isa = PBXContainerItemProxy;
			containerPortal = E064AF662F5B578800EFC619 /* Project object */;
			proxyType = 1;
			remoteGlobalIDString = E064AF6D2F5B578800EFC619;
			remoteInfo = QuranReader;
		};
/* End PBXContainerItemProxy section */

/* Begin PBXFileReference section */
		E064AF6E2F5B578800EFC619 /* QuranReader.app */ = {isa = PBXFileReference; explicitFileType = wrapper.application; includeInIndex = 0; path = QuranReader.app; sourceTree = BUILT_PRODUCTS_DIR; };
		E064AF7D2F5B578900EFC619 /* QuranReaderTests.xctest */ = {isa = PBXFileReference; explicitFileType = wrapper.cfbundle; includeInIndex = 0; path = QuranReaderTests.xctest; sourceTree = BUILT_PRODUCTS_DIR; };
		E064AF872F5B578900EFC619 /* QuranReaderUITests.xctest */ = {isa = PBXFileReference; explicitFileType = wrapper.cfbundle; includeInIndex = 0; path = QuranReaderUITests.xctest; sourceTree = BUILT_PRODUCTS_DIR; };
/* End PBXFileReference section */

/* Begin PBXFileSystemSynchronizedRootGroup section */
		E064AF702F5B578800EFC619 /* QuranReader */ = {
			isa = PBXFileSystemSynchronizedRootGroup;
			path = QuranReader;
			sourceTree = "<group>";
		};
		E064AF802F5B578900EFC619 /* QuranReaderTests */ = {
			isa = PBXFileSystemSynchronizedRootGroup;
			path = QuranReaderTests;
			sourceTree = "<group>";
		};
		E064AF8A2F5B578900EFC619 /* QuranReaderUITests */ = {
			isa = PBXFileSystemSynchronizedRootGroup;
			path = QuranReaderUITests;
			sourceTree = "<group>";
		};
/* End PBXFileSystemSynchronizedRootGroup section */

/* Begin PBXFrameworksBuildPhase section */
		E064AF6B2F5B578800EFC619 /* Frameworks */ = {
			isa = PBXFrameworksBuildPhase;
			buildActionMask = 2147483647;
			files = (
				E0E749E92F5B8FFC003C4510 /* GRDB in Frameworks */,
			);
			runOnlyForDeploymentPostprocessing = 0;
		};
		E064AF7A2F5B578900EFC619 /* Frameworks */ = {
			isa = PBXFrameworksBuildPhase;
			buildActionMask = 2147483647;
			files = (
			);
			runOnlyForDeploymentPostprocessing = 0;
		};
		E064AF842F5B578900EFC619 /* Frameworks */ = {
			isa = PBXFrameworksBuildPhase;
			buildActionMask = 2147483647;
			files = (
			);
			runOnlyForDeploymentPostprocessing = 0;
		};
/* End PBXFrameworksBuildPhase section */

/* Begin PBXGroup section */
		E064AF652F5B578800EFC619 = {
			isa = PBXGroup;
			children = (
				E064AF702F5B578800EFC619 /* QuranReader */,
				E064AF802F5B578900EFC619 /* QuranReaderTests */,
				E064AF8A2F5B578900EFC619 /* QuranReaderUITests */,
				E064AF6F2F5B578800EFC619 /* Products */,
			);
			sourceTree = "<group>";
		};
		E064AF6F2F5B578800EFC619 /* Products */ = {
			isa = PBXGroup;
			children = (
				E064AF6E2F5B578800EFC619 /* QuranReader.app */,
				E064AF7D2F5B578900EFC619 /* QuranReaderTests.xctest */,
				E064AF872F5B578900EFC619 /* QuranReaderUITests.xctest */,
			);
			name = Products;
			sourceTree = "<group>";
		};
/* End PBXGroup section */

/* Begin PBXNativeTarget section */
		E064AF6D2F5B578800EFC619 /* QuranReader */ = {
			isa = PBXNativeTarget;
			buildConfigurationList = E064AF912F5B578900EFC619 /* Build configuration list for PBXNativeTarget "QuranReader" */;
			buildPhases = (
				E064AF6A2F5B578800EFC619 /* Sources */,
				E064AF6B2F5B578800EFC619 /* Frameworks */,
				E064AF6C2F5B578800EFC619 /* Resources */,
			);
			buildRules = (
			);
			dependencies = (
			);
			fileSystemSynchronizedGroups = (
				E064AF702F5B578800EFC619 /* QuranReader */,
			);
			name = QuranReader;
			packageProductDependencies = (
				E0E749E82F5B8FFC003C4510 /* GRDB */,
			);
			productName = QuranReader;
			productReference = E064AF6E2F5B578800EFC619 /* QuranReader.app */;
			productType = "com.apple.product-type.application";
		};
		E064AF7C2F5B578900EFC619 /* QuranReaderTests */ = {
			isa = PBXNativeTarget;
			buildConfigurationList = E064AF942F5B578900EFC619 /* Build configuration list for PBXNativeTarget "QuranReaderTests" */;
			buildPhases = (
				E064AF792F5B578900EFC619 /* Sources */,
				E064AF7A2F5B578900EFC619 /* Frameworks */,
				E064AF7B2F5B578900EFC619 /* Resources */,
			);
			buildRules = (
			);
			dependencies = (
				E064AF7F2F5B578900EFC619 /* PBXTargetDependency */,
			);
			fileSystemSynchronizedGroups = (
				E064AF802F5B578900EFC619 /* QuranReaderTests */,
			);
			name = QuranReaderTests;
			packageProductDependencies = (
			);
			productName = QuranReaderTests;
			productReference = E064AF7D2F5B578900EFC619 /* QuranReaderTests.xctest */;
			productType = "com.apple.product-type.bundle.unit-test";
		};
		E064AF862F5B578900EFC619 /* QuranReaderUITests */ = {
			isa = PBXNativeTarget;
			buildConfigurationList = E064AF972F5B578900EFC619 /* Build configuration list for PBXNativeTarget "QuranReaderUITests" */;
			buildPhases = (
				E064AF832F5B578900EFC619 /* Sources */,
				E064AF842F5B578900EFC619 /* Frameworks */,
				E064AF852F5B578900EFC619 /* Resources */,
			);
			buildRules = (
			);
			dependencies = (
				E064AF892F5B578900EFC619 /* PBXTargetDependency */,
			);
			fileSystemSynchronizedGroups = (
				E064AF8A2F5B578900EFC619 /* QuranReaderUITests */,
			);
			name = QuranReaderUITests;
			packageProductDependencies = (
			);
			productName = QuranReaderUITests;
			productReference = E064AF872F5B578900EFC619 /* QuranReaderUITests.xctest */;
			productType = "com.apple.product-type.bundle.ui-testing";
		};
/* End PBXNativeTarget section */

/* Begin PBXProject section */
		E064AF662F5B578800EFC619 /* Project object */ = {
			isa = PBXProject;
			attributes = {
				BuildIndependentTargetsInParallel = 1;
				LastSwiftUpdateCheck = 2630;
				LastUpgradeCheck = 2630;
				TargetAttributes = {
					E064AF6D2F5B578800EFC619 = {
						CreatedOnToolsVersion = 26.3;
					};
					E064AF7C2F5B578900EFC619 = {
						CreatedOnToolsVersion = 26.3;
						TestTargetID = E064AF6D2F5B578800EFC619;
					};
					E064AF862F5B578900EFC619 = {
						CreatedOnToolsVersion = 26.3;
						TestTargetID = E064AF6D2F5B578800EFC619;
					};
				};
			};
			buildConfigurationList = E064AF692F5B578800EFC619 /* Build configuration list for PBXProject "QuranReader" */;
			developmentRegion = en;
			hasScannedForEncodings = 0;
			knownRegions = (
				en,
				Base,
			);
			mainGroup = E064AF652F5B578800EFC619;
			minimizedProjectReferenceProxies = 1;
			packageReferences = (
				E0E749E72F5B8FFC003C4510 /* XCRemoteSwiftPackageReference "GRDB.swift" */,
			);
			preferredProjectObjectVersion = 77;
			productRefGroup = E064AF6F2F5B578800EFC619 /* Products */;
			projectDirPath = "";
			projectRoot = "";
			targets = (
				E064AF6D2F5B578800EFC619 /* QuranReader */,
				E064AF7C2F5B578900EFC619 /* QuranReaderTests */,
				E064AF862F5B578900EFC619 /* QuranReaderUITests */,
			);
		};
/* End PBXProject section */

/* Begin PBXResourcesBuildPhase section */
		E064AF6C2F5B578800EFC619 /* Resources */ = {
			isa = PBXResourcesBuildPhase;
			buildActionMask = 2147483647;
			files = (
			);
			runOnlyForDeploymentPostprocessing = 0;
		};
		E064AF7B2F5B578900EFC619 /* Resources */ = {
			isa = PBXResourcesBuildPhase;
			buildActionMask = 2147483647;
			files = (
			);
			runOnlyForDeploymentPostprocessing = 0;
		};
		E064AF852F5B578900EFC619 /* Resources */ = {
			isa = PBXResourcesBuildPhase;
			buildActionMask = 2147483647;
			files = (
			);
			runOnlyForDeploymentPostprocessing = 0;
		};
/* End PBXResourcesBuildPhase section */

/* Begin PBXSourcesBuildPhase section */
		E064AF6A2F5B578800EFC619 /* Sources */ = {
			isa = PBXSourcesBuildPhase;
			buildActionMask = 2147483647;
			files = (
			);
			runOnlyForDeploymentPostprocessing = 0;
		};
		E064AF792F5B578900EFC619 /* Sources */ = {
			isa = PBXSourcesBuildPhase;
			buildActionMask = 2147483647;
			files = (
			);
			runOnlyForDeploymentPostprocessing = 0;
		};
		E064AF832F5B578900EFC619 /* Sources */ = {
			isa = PBXSourcesBuildPhase;
			buildActionMask = 2147483647;
			files = (
			);
			runOnlyForDeploymentPostprocessing = 0;
		};
/* End PBXSourcesBuildPhase section */

/* Begin PBXTargetDependency section */
		E064AF7F2F5B578900EFC619 /* PBXTargetDependency */ = {
			isa = PBXTargetDependency;
			target = E064AF6D2F5B578800EFC619 /* QuranReader */;
			targetProxy = E064AF7E2F5B578900EFC619 /* PBXContainerItemProxy */;
		};
		E064AF892F5B578900EFC619 /* PBXTargetDependency */ = {
			isa = PBXTargetDependency;
			target = E064AF6D2F5B578800EFC619 /* QuranReader */;
			targetProxy = E064AF882F5B578900EFC619 /* PBXContainerItemProxy */;
		};
/* End PBXTargetDependency section */

/* Begin XCBuildConfiguration section */
		E064AF8F2F5B578900EFC619 /* Debug */ = {
			isa = XCBuildConfiguration;
			buildSettings = {
				ALWAYS_SEARCH_USER_PATHS = NO;
				ASSETCATALOG_COMPILER_GENERATE_SWIFT_ASSET_SYMBOL_EXTENSIONS = YES;
				CLANG_ANALYZER_NONNULL = YES;
				CLANG_ANALYZER_NUMBER_OBJECT_CONVERSION = YES_AGGRESSIVE;
				CLANG_CXX_LANGUAGE_STANDARD = "gnu++20";
				CLANG_ENABLE_MODULES = YES;
				CLANG_ENABLE_OBJC_ARC = YES;
				CLANG_ENABLE_OBJC_WEAK = YES;
				CLANG_WARN_BLOCK_CAPTURE_AUTORELEASING = YES;
				CLANG_WARN_BOOL_CONVERSION = YES;
				CLANG_WARN_COMMA = YES;
				CLANG_WARN_CONSTANT_CONVERSION = YES;
				CLANG_WARN_DEPRECATED_OBJC_IMPLEMENTATIONS = YES;
				CLANG_WARN_DIRECT_OBJC_ISA_USAGE = YES_ERROR;
				CLANG_WARN_DOCUMENTATION_COMMENTS = YES;
				CLANG_WARN_EMPTY_BODY = YES;
				CLANG_WARN_ENUM_CONVERSION = YES;
				CLANG_WARN_INFINITE_RECURSION = YES;
				CLANG_WARN_INT_CONVERSION = YES;
				CLANG_WARN_NON_LITERAL_NULL_CONVERSION = YES;
				CLANG_WARN_OBJC_IMPLICIT_RETAIN_SELF = YES;
				CLANG_WARN_OBJC_LITERAL_CONVERSION = YES;
				CLANG_WARN_OBJC_ROOT_CLASS = YES_ERROR;
				CLANG_WARN_QUOTED_INCLUDE_IN_FRAMEWORK_HEADER = YES;
				CLANG_WARN_RANGE_LOOP_ANALYSIS = YES;
				CLANG_WARN_STRICT_PROTOTYPES = YES;
				CLANG_WARN_SUSPICIOUS_MOVE = YES;
				CLANG_WARN_UNGUARDED_AVAILABILITY = YES_AGGRESSIVE;
				CLANG_WARN_UNREACHABLE_CODE = YES;
				CLANG_WARN__DUPLICATE_METHOD_MATCH = YES;
				COPY_PHASE_STRIP = NO;
				DEBUG_INFORMATION_FORMAT = dwarf;
				DEVELOPMENT_TEAM = N77986V24E;
				ENABLE_STRICT_OBJC_MSGSEND = YES;
				ENABLE_TESTABILITY = YES;
				ENABLE_USER_SCRIPT_SANDBOXING = YES;
				GCC_C_LANGUAGE_STANDARD = gnu17;
				GCC_DYNAMIC_NO_PIC = NO;
				GCC_NO_COMMON_BLOCKS = YES;
				GCC_OPTIMIZATION_LEVEL = 0;
				GCC_PREPROCESSOR_DEFINITIONS = (
					"DEBUG=1",
					"$(inherited)",
				);
				GCC_WARN_64_TO_32_BIT_CONVERSION = YES;
				GCC_WARN_ABOUT_RETURN_TYPE = YES_ERROR;
				GCC_WARN_UNDECLARED_SELECTOR = YES;
				GCC_WARN_UNINITIALIZED_AUTOS = YES_AGGRESSIVE;
				GCC_WARN_UNUSED_FUNCTION = YES;
				GCC_WARN_UNUSED_VARIABLE = YES;
				LOCALIZATION_PREFERS_STRING_CATALOGS = YES;
				MTL_ENABLE_DEBUG_INFO = INCLUDE_SOURCE;
				MTL_FAST_MATH = YES;
				ONLY_ACTIVE_ARCH = YES;
				SWIFT_ACTIVE_COMPILATION_CONDITIONS = "DEBUG $(inherited)";
				SWIFT_OPTIMIZATION_LEVEL = "-Onone";
			};
			name = Debug;
		};
		E064AF902F5B578900EFC619 /* Release */ = {
			isa = XCBuildConfiguration;
			buildSettings = {
				ALWAYS_SEARCH_USER_PATHS = NO;
				ASSETCATALOG_COMPILER_GENERATE_SWIFT_ASSET_SYMBOL_EXTENSIONS = YES;
				CLANG_ANALYZER_NONNULL = YES;
				CLANG_ANALYZER_NUMBER_OBJECT_CONVERSION = YES_AGGRESSIVE;
				CLANG_CXX_LANGUAGE_STANDARD = "gnu++20";
				CLANG_ENABLE_MODULES = YES;
				CLANG_ENABLE_OBJC_ARC = YES;
				CLANG_ENABLE_OBJC_WEAK = YES;
				CLANG_WARN_BLOCK_CAPTURE_AUTORELEASING = YES;
				CLANG_WARN_BOOL_CONVERSION = YES;
				CLANG_WARN_COMMA = YES;
				CLANG_WARN_CONSTANT_CONVERSION = YES;
				CLANG_WARN_DEPRECATED_OBJC_IMPLEMENTATIONS = YES;
				CLANG_WARN_DIRECT_OBJC_ISA_USAGE = YES_ERROR;
				CLANG_WARN_DOCUMENTATION_COMMENTS = YES;
				CLANG_WARN_EMPTY_BODY = YES;
				CLANG_WARN_ENUM_CONVERSION = YES;
				CLANG_WARN_INFINITE_RECURSION = YES;
				CLANG_WARN_INT_CONVERSION = YES;
				CLANG_WARN_NON_LITERAL_NULL_CONVERSION = YES;
				CLANG_WARN_OBJC_IMPLICIT_RETAIN_SELF = YES;
				CLANG_WARN_OBJC_LITERAL_CONVERSION = YES;
				CLANG_WARN_OBJC_ROOT_CLASS = YES_ERROR;
				CLANG_WARN_QUOTED_INCLUDE_IN_FRAMEWORK_HEADER = YES;
				CLANG_WARN_RANGE_LOOP_ANALYSIS = YES;
				CLANG_WARN_STRICT_PROTOTYPES = YES;
				CLANG_WARN_SUSPICIOUS_MOVE = YES;
				CLANG_WARN_UNGUARDED_AVAILABILITY = YES_AGGRESSIVE;
				CLANG_WARN_UNREACHABLE_CODE = YES;
				CLANG_WARN__DUPLICATE_METHOD_MATCH = YES;
				COPY_PHASE_STRIP = NO;
				DEBUG_INFORMATION_FORMAT = "dwarf-with-dsym";
				DEVELOPMENT_TEAM = N77986V24E;
				ENABLE_NS_ASSERTIONS = NO;
				ENABLE_STRICT_OBJC_MSGSEND = YES;
				ENABLE_USER_SCRIPT_SANDBOXING = YES;
				GCC_C_LANGUAGE_STANDARD = gnu17;
				GCC_NO_COMMON_BLOCKS = YES;
				GCC_WARN_64_TO_32_BIT_CONVERSION = YES;
				GCC_WARN_ABOUT_RETURN_TYPE = YES_ERROR;
				GCC_WARN_UNDECLARED_SELECTOR = YES;
				GCC_WARN_UNINITIALIZED_AUTOS = YES_AGGRESSIVE;
				GCC_WARN_UNUSED_FUNCTION = YES;
				GCC_WARN_UNUSED_VARIABLE = YES;
				LOCALIZATION_PREFERS_STRING_CATALOGS = YES;
				MTL_ENABLE_DEBUG_INFO = NO;
				MTL_FAST_MATH = YES;
				SWIFT_COMPILATION_MODE = wholemodule;
			};
			name = Release;
		};
		E064AF922F5B578900EFC619 /* Debug */ = {
			isa = XCBuildConfiguration;
			buildSettings = {
				ASSETCATALOG_COMPILER_APPICON_NAME = AppIcon;
				ASSETCATALOG_COMPILER_GLOBAL_ACCENT_COLOR_NAME = AccentColor;
				CODE_SIGN_STYLE = Automatic;
				CURRENT_PROJECT_VERSION = 1;
				DEVELOPMENT_TEAM = N77986V24E;
				ENABLE_APP_SANDBOX = YES;
				ENABLE_HARDENED_RUNTIME = YES;
				ENABLE_PREVIEWS = YES;
				ENABLE_USER_SELECTED_FILES = readonly;
				GENERATE_INFOPLIST_FILE = YES;
				INFOPLIST_KEY_UIAppFonts_0 = SulusLettersAm9li9.otf;
				INFOPLIST_KEY_UIAppFonts_1 = MCSAlshamalAm9li9.otf;
				INFOPLIST_KEY_UIAppFonts_2 = NeiriziAm9li9.otf;
				INFOPLIST_KEY_UIAppFonts_3 = Othmani.ttf;
				INFOPLIST_KEY_UIAppFonts_4 = "HafsNastaleeq Ver10.otf";
				INFOPLIST_KEY_UIAppFonts_5 = Monadi.otf;
				INFOPLIST_KEY_UIAppFonts_6 = "UthmanicHafs1B Ver13.otf";
				INFOPLIST_KEY_UIAppFonts_7 = "UthmanicQaloun V21.otf";
				INFOPLIST_KEY_UIAppFonts_8 = "UthmanicQunbul V20.otf";
				INFOPLIST_KEY_UIAppFonts_9 = "UthmanicShuba V20.otf";
				INFOPLIST_KEY_UIAppFonts_10 = "UthmanicSousi V20.otf";
				INFOPLIST_KEY_UIAppFonts_11 = "UthmanicWarsh V21.otf";
				"INFOPLIST_KEY_UIApplicationSceneManifest_Generation[sdk=iphoneos*]" = YES;
				"INFOPLIST_KEY_UIApplicationSceneManifest_Generation[sdk=iphonesimulator*]" = YES;
				"INFOPLIST_KEY_UIApplicationSupportsIndirectInputEvents[sdk=iphoneos*]" = YES;
				"INFOPLIST_KEY_UIApplicationSupportsIndirectInputEvents[sdk=iphonesimulator*]" = YES;
				"INFOPLIST_KEY_UILaunchScreen_Generation[sdk=iphoneos*]" = YES;
				"INFOPLIST_KEY_UILaunchScreen_Generation[sdk=iphonesimulator*]" = YES;
				"INFOPLIST_KEY_UIStatusBarStyle[sdk=iphoneos*]" = UIStatusBarStyleDefault;
				"INFOPLIST_KEY_UIStatusBarStyle[sdk=iphonesimulator*]" = UIStatusBarStyleDefault;
				INFOPLIST_KEY_UISupportedInterfaceOrientations = UIInterfaceOrientationPortrait;
				INFOPLIST_KEY_UISupportedInterfaceOrientations_iPad = "UIInterfaceOrientationPortrait UIInterfaceOrientationPortraitUpsideDown UIInterfaceOrientationLandscapeLeft UIInterfaceOrientationLandscapeRight";
				IPHONEOS_DEPLOYMENT_TARGET = 26.2;
				LD_RUNPATH_SEARCH_PATHS = "@executable_path/Frameworks";
				"LD_RUNPATH_SEARCH_PATHS[sdk=macosx*]" = "@executable_path/../Frameworks";
				MACOSX_DEPLOYMENT_TARGET = 26.2;
				MARKETING_VERSION = 1.0;
				PRODUCT_BUNDLE_IDENTIFIER = nmds.se.QuranReader;
				PRODUCT_NAME = "$(TARGET_NAME)";
				REGISTER_APP_GROUPS = YES;
				SDKROOT = auto;
				STRING_CATALOG_GENERATE_SYMBOLS = YES;
				SUPPORTED_PLATFORMS = "iphoneos iphonesimulator macosx xros xrsimulator";
				SWIFT_APPROACHABLE_CONCURRENCY = YES;
				SWIFT_DEFAULT_ACTOR_ISOLATION = MainActor;
				SWIFT_EMIT_LOC_STRINGS = YES;
				SWIFT_UPCOMING_FEATURE_MEMBER_IMPORT_VISIBILITY = YES;
				SWIFT_VERSION = 5.0;
				TARGETED_DEVICE_FAMILY = "1,2,7";
				XROS_DEPLOYMENT_TARGET = 26.2;
			};
			name = Debug;
		};
		E064AF932F5B578900EFC619 /* Release */ = {
			isa = XCBuildConfiguration;
			buildSettings = {
				ASSETCATALOG_COMPILER_APPICON_NAME = AppIcon;
				ASSETCATALOG_COMPILER_GLOBAL_ACCENT_COLOR_NAME = AccentColor;
				CODE_SIGN_STYLE = Automatic;
				CURRENT_PROJECT_VERSION = 1;
				DEVELOPMENT_TEAM = N77986V24E;
				ENABLE_APP_SANDBOX = YES;
				ENABLE_HARDENED_RUNTIME = YES;
				ENABLE_PREVIEWS = YES;
				ENABLE_USER_SELECTED_FILES = readonly;
				GENERATE_INFOPLIST_FILE = YES;
				INFOPLIST_KEY_UIAppFonts_0 = SulusLettersAm9li9.otf;
				INFOPLIST_KEY_UIAppFonts_1 = MCSAlshamalAm9li9.otf;
				INFOPLIST_KEY_UIAppFonts_2 = NeiriziAm9li9.otf;
				INFOPLIST_KEY_UIAppFonts_3 = Othmani.ttf;
				INFOPLIST_KEY_UIAppFonts_4 = "HafsNastaleeq Ver10.otf";
				INFOPLIST_KEY_UIAppFonts_5 = Monadi.otf;
				INFOPLIST_KEY_UIAppFonts_6 = "UthmanicHafs1B Ver13.otf";
				INFOPLIST_KEY_UIAppFonts_7 = "UthmanicQaloun V21.otf";
				INFOPLIST_KEY_UIAppFonts_8 = "UthmanicQunbul V20.otf";
				INFOPLIST_KEY_UIAppFonts_9 = "UthmanicShuba V20.otf";
				INFOPLIST_KEY_UIAppFonts_10 = "UthmanicSousi V20.otf";
				INFOPLIST_KEY_UIAppFonts_11 = "UthmanicWarsh V21.otf";
				"INFOPLIST_KEY_UIApplicationSceneManifest_Generation[sdk=iphoneos*]" = YES;
				"INFOPLIST_KEY_UIApplicationSceneManifest_Generation[sdk=iphonesimulator*]" = YES;
				"INFOPLIST_KEY_UIApplicationSupportsIndirectInputEvents[sdk=iphoneos*]" = YES;
				"INFOPLIST_KEY_UIApplicationSupportsIndirectInputEvents[sdk=iphonesimulator*]" = YES;
				"INFOPLIST_KEY_UILaunchScreen_Generation[sdk=iphoneos*]" = YES;
				"INFOPLIST_KEY_UILaunchScreen_Generation[sdk=iphonesimulator*]" = YES;
				"INFOPLIST_KEY_UIStatusBarStyle[sdk=iphoneos*]" = UIStatusBarStyleDefault;
				"INFOPLIST_KEY_UIStatusBarStyle[sdk=iphonesimulator*]" = UIStatusBarStyleDefault;
				INFOPLIST_KEY_UISupportedInterfaceOrientations = UIInterfaceOrientationPortrait;
				INFOPLIST_KEY_UISupportedInterfaceOrientations_iPad = "UIInterfaceOrientationPortrait UIInterfaceOrientationPortraitUpsideDown UIInterfaceOrientationLandscapeLeft UIInterfaceOrientationLandscapeRight";
				IPHONEOS_DEPLOYMENT_TARGET = 26.2;
				LD_RUNPATH_SEARCH_PATHS = "@executable_path/Frameworks";
				"LD_RUNPATH_SEARCH_PATHS[sdk=macosx*]" = "@executable_path/../Frameworks";
				MACOSX_DEPLOYMENT_TARGET = 26.2;
				MARKETING_VERSION = 1.0;
				PRODUCT_BUNDLE_IDENTIFIER = nmds.se.QuranReader;
				PRODUCT_NAME = "$(TARGET_NAME)";
				REGISTER_APP_GROUPS = YES;
				SDKROOT = auto;
				STRING_CATALOG_GENERATE_SYMBOLS = YES;
				SUPPORTED_PLATFORMS = "iphoneos iphonesimulator macosx xros xrsimulator";
				SWIFT_APPROACHABLE_CONCURRENCY = YES;
				SWIFT_DEFAULT_ACTOR_ISOLATION = MainActor;
				SWIFT_EMIT_LOC_STRINGS = YES;
				SWIFT_UPCOMING_FEATURE_MEMBER_IMPORT_VISIBILITY = YES;
				SWIFT_VERSION = 5.0;
				TARGETED_DEVICE_FAMILY = "1,2,7";
				XROS_DEPLOYMENT_TARGET = 26.2;
			};
			name = Release;
		};
		E064AF952F5B578900EFC619 /* Debug */ = {
			isa = XCBuildConfiguration;
			buildSettings = {
				BUNDLE_LOADER = "$(TEST_HOST)";
				CODE_SIGN_STYLE = Automatic;
				CURRENT_PROJECT_VERSION = 1;
				DEVELOPMENT_TEAM = N77986V24E;
				GENERATE_INFOPLIST_FILE = YES;
				IPHONEOS_DEPLOYMENT_TARGET = 26.2;
				MACOSX_DEPLOYMENT_TARGET = 26.2;
				MARKETING_VERSION = 1.0;
				PRODUCT_BUNDLE_IDENTIFIER = nmds.se.QuranReaderTests;
				PRODUCT_NAME = "$(TARGET_NAME)";
				SDKROOT = auto;
				STRING_CATALOG_GENERATE_SYMBOLS = NO;
				SUPPORTED_PLATFORMS = "iphoneos iphonesimulator macosx xros xrsimulator";
				SWIFT_APPROACHABLE_CONCURRENCY = YES;
				SWIFT_EMIT_LOC_STRINGS = NO;
				SWIFT_UPCOMING_FEATURE_MEMBER_IMPORT_VISIBILITY = YES;
				SWIFT_VERSION = 5.0;
				TARGETED_DEVICE_FAMILY = "1,2,7";
				TEST_HOST = "$(BUILT_PRODUCTS_DIR)/QuranReader.app/$(BUNDLE_EXECUTABLE_FOLDER_PATH)/QuranReader";
				XROS_DEPLOYMENT_TARGET = 26.2;
			};
			name = Debug;
		};
		E064AF962F5B578900EFC619 /* Release */ = {
			isa = XCBuildConfiguration;
			buildSettings = {
				BUNDLE_LOADER = "$(TEST_HOST)";
				CODE_SIGN_STYLE = Automatic;
				CURRENT_PROJECT_VERSION = 1;
				DEVELOPMENT_TEAM = N77986V24E;
				GENERATE_INFOPLIST_FILE = YES;
				IPHONEOS_DEPLOYMENT_TARGET = 26.2;
				MACOSX_DEPLOYMENT_TARGET = 26.2;
				MARKETING_VERSION = 1.0;
				PRODUCT_BUNDLE_IDENTIFIER = nmds.se.QuranReaderTests;
				PRODUCT_NAME = "$(TARGET_NAME)";
				SDKROOT = auto;
				STRING_CATALOG_GENERATE_SYMBOLS = NO;
				SUPPORTED_PLATFORMS = "iphoneos iphonesimulator macosx xros xrsimulator";
				SWIFT_APPROACHABLE_CONCURRENCY = YES;
				SWIFT_EMIT_LOC_STRINGS = NO;
				SWIFT_UPCOMING_FEATURE_MEMBER_IMPORT_VISIBILITY = YES;
				SWIFT_VERSION = 5.0;
				TARGETED_DEVICE_FAMILY = "1,2,7";
				TEST_HOST = "$(BUILT_PRODUCTS_DIR)/QuranReader.app/$(BUNDLE_EXECUTABLE_FOLDER_PATH)/QuranReader";
				XROS_DEPLOYMENT_TARGET = 26.2;
			};
			name = Release;
		};
		E064AF982F5B578900EFC619 /* Debug */ = {
			isa = XCBuildConfiguration;
			buildSettings = {
				CODE_SIGN_STYLE = Automatic;
				CURRENT_PROJECT_VERSION = 1;
				DEVELOPMENT_TEAM = N77986V24E;
				GENERATE_INFOPLIST_FILE = YES;
				IPHONEOS_DEPLOYMENT_TARGET = 26.2;
				MACOSX_DEPLOYMENT_TARGET = 26.2;
				MARKETING_VERSION = 1.0;
				PRODUCT_BUNDLE_IDENTIFIER = nmds.se.QuranReaderUITests;
				PRODUCT_NAME = "$(TARGET_NAME)";
				SDKROOT = auto;
				STRING_CATALOG_GENERATE_SYMBOLS = NO;
				SUPPORTED_PLATFORMS = "iphoneos iphonesimulator macosx xros xrsimulator";
				SWIFT_APPROACHABLE_CONCURRENCY = YES;
				SWIFT_EMIT_LOC_STRINGS = NO;
				SWIFT_UPCOMING_FEATURE_MEMBER_IMPORT_VISIBILITY = YES;
				SWIFT_VERSION = 5.0;
				TARGETED_DEVICE_FAMILY = "1,2,7";
				TEST_TARGET_NAME = QuranReader;
				XROS_DEPLOYMENT_TARGET = 26.2;
			};
			name = Debug;
		};
		E064AF992F5B578900EFC619 /* Release */ = {
			isa = XCBuildConfiguration;
			buildSettings = {
				CODE_SIGN_STYLE = Automatic;
				CURRENT_PROJECT_VERSION = 1;
				DEVELOPMENT_TEAM = N77986V24E;
				GENERATE_INFOPLIST_FILE = YES;
				IPHONEOS_DEPLOYMENT_TARGET = 26.2;
				MACOSX_DEPLOYMENT_TARGET = 26.2;
				MARKETING_VERSION = 1.0;
				PRODUCT_BUNDLE_IDENTIFIER = nmds.se.QuranReaderUITests;
				PRODUCT_NAME = "$(TARGET_NAME)";
				SDKROOT = auto;
				STRING_CATALOG_GENERATE_SYMBOLS = NO;
				SUPPORTED_PLATFORMS = "iphoneos iphonesimulator macosx xros xrsimulator";
				SWIFT_APPROACHABLE_CONCURRENCY = YES;
				SWIFT_EMIT_LOC_STRINGS = NO;
				SWIFT_UPCOMING_FEATURE_MEMBER_IMPORT_VISIBILITY = YES;
				SWIFT_VERSION = 5.0;
				TARGETED_DEVICE_FAMILY = "1,2,7";
				TEST_TARGET_NAME = QuranReader;
				XROS_DEPLOYMENT_TARGET = 26.2;
			};
			name = Release;
		};
/* End XCBuildConfiguration section */

/* Begin XCConfigurationList section */
		E064AF692F5B578800EFC619 /* Build configuration list for PBXProject "QuranReader" */ = {
			isa = XCConfigurationList;
			buildConfigurations = (
				E064AF8F2F5B578900EFC619 /* Debug */,
				E064AF902F5B578900EFC619 /* Release */,
			);
			defaultConfigurationIsVisible = 0;
			defaultConfigurationName = Release;
		};
		E064AF912F5B578900EFC619 /* Build configuration list for PBXNativeTarget "QuranReader" */ = {
			isa = XCConfigurationList;
			buildConfigurations = (
				E064AF922F5B578900EFC619 /* Debug */,
				E064AF932F5B578900EFC619 /* Release */,
			);
			defaultConfigurationIsVisible = 0;
			defaultConfigurationName = Release;
		};
		E064AF942F5B578900EFC619 /* Build configuration list for PBXNativeTarget "QuranReaderTests" */ = {
			isa = XCConfigurationList;
			buildConfigurations = (
				E064AF952F5B578900EFC619 /* Debug */,
				E064AF962F5B578900EFC619 /* Release */,
			);
			defaultConfigurationIsVisible = 0;
			defaultConfigurationName = Release;
		};
		E064AF972F5B578900EFC619 /* Build configuration list for PBXNativeTarget "QuranReaderUITests" */ = {
			isa = XCConfigurationList;
			buildConfigurations = (
				E064AF982F5B578900EFC619 /* Debug */,
				E064AF992F5B578900EFC619 /* Release */,
			);
			defaultConfigurationIsVisible = 0;
			defaultConfigurationName = Release;
		};
/* End XCConfigurationList section */

/* Begin XCRemoteSwiftPackageReference section */
		E0E749E72F5B8FFC003C4510 /* XCRemoteSwiftPackageReference "GRDB.swift" */ = {
			isa = XCRemoteSwiftPackageReference;
			repositoryURL = "https://github.com/groue/GRDB.swift.git";
			requirement = {
				branch = master;
				kind = branch;
			};
		};
/* End XCRemoteSwiftPackageReference section */

/* Begin XCSwiftPackageProductDependency section */
		E0E749E82F5B8FFC003C4510 /* GRDB */ = {
			isa = XCSwiftPackageProductDependency;
			package = E0E749E72F5B8FFC003C4510 /* XCRemoteSwiftPackageReference "GRDB.swift" */;
			productName = GRDB;
		};
/* End XCSwiftPackageProductDependency section */
	};
	rootObject = E064AF662F5B578800EFC619 /* Project object */;
}
